
Microsoft Visual Studio Solution File, Format Version 12.00
# Visual Studio Version 17
VisualStudioVersion = 17.2.32519.379
MinimumVisualStudioVersion = 10.0.40219.1
Project("{FAE04EC0-301F-11D3-BF4B-00C04F79EFBC}") = "KataRango", "KataRango\KataRango.csproj", "{2989F3FA-7693-4063-A98D-F0681BAD2916}"
EndProject
Global
	GlobalSection(SolutionConfigurationPlatforms) = preSolution
		Debug|Any CPU = Debug|Any CPU
		Release|Any CPU = Release|Any CPU
	EndGlobalSection
	GlobalSection(ProjectConfigurationPlatforms) = postSolution
		{2989F3FA-7693-4063-A98D-F0681BAD2916}.Debug|Any CPU.ActiveCfg = Debug|Any CPU
		{2989F3FA-7693-4063-A98D-F0681BAD2916}.Debug|Any CPU.Build.0 = Debug|Any CPU
		{2989F3FA-7693-4063-A98D-F0681BAD2916}.Release|Any CPU.ActiveCfg = Release|Any CPU
		{2989F3FA-7693-4063-A98D-F0681BAD2916}.Release|Any CPU.Build.0 = Release|Any CPU
	EndGlobalSection
	GlobalSection(SolutionProperties) = preSolution
		HideSolutionNode = FALSE
	EndGlobalSection
	GlobalSection(ExtensibilityGlobals) = postSolution
		SolutionGuid = {62E6AEDB-F902-45C7-A065-256558E9F708}
	EndGlobalSection
EndGlobal
